// !$*UTF8*$!
{
	archiveVersion = 1;
	classes = {
	};
	objectVersion = 50;
	objects = {

/* Begin PBXFileReference section */
		67476EFE259EDAE0007D140D /* l3_DmitrievSergey.playground */ = {isa = PBXFileReference; lastKnownFileType = file.playground; path = l3_DmitrievSergey.playground; sourceTree = "<group>"; xcLanguageSpecificationIdentifier = xcode.lang.swift; };
/* End PBXFileReference section */

/* Begin PBXGroup section */
		67476EF7259EDAB7007D140D = {
			isa = PBXGroup;
			children = (
				67476EFE259EDAE0007D140D /* l3_DmitrievSergey.playground */,
			);
			sourceTree = "<group>";
		};
/* End PBXGroup section */

/* Begin PBXProject section */
		67476EF8259EDAB7007D140D /* Project object */ = {
			isa = PBXProject;
			attributes = {
				LastUpgradeCheck = 1230;
			};
			buildConfigurationList = 67476EFB259EDAB7007D140D /* Build configuration list for PBXProject "lesson3" */;
			compatibilityVersion = "Xcode 9.3";
			developmentRegion = en;
			hasScannedForEncodings = 0;
			knownRegions = (
				en,
				Base,
			);
			mainGroup = 67476EF7259EDAB7007D140D;
			projectDirPath = "";
			projectRoot = "";
			targets = (
			);
		};
/* End PBXProject section */

/* Begin XCBuildConfiguration section */
		67476EFC259EDAB7007D140D /* Debug */ = {
			isa = XCBuildConfiguration;
			buildSettings = {
			};
			name = Debug;
		};
		67476EFD259EDAB7007D140D /* Release */ = {
			isa = XCBuildConfiguration;
			buildSettings = {
			};
			name = Release;
		};
/* End XCBuildConfiguration section */

/* Begin XCConfigurationList section */
		67476EFB259EDAB7007D140D /* Build configuration list for PBXProject "lesson3" */ = {
			isa = XCConfigurationList;
			buildConfigurations = (
				67476EFC259EDAB7007D140D /* Debug */,
				67476EFD259EDAB7007D140D /* Release */,
			);
			defaultConfigurationIsVisible = 0;
			defaultConfigurationName = Release;
		};
/* End XCConfigurationList section */
	};
	rootObject = 67476EF8259EDAB7007D140D /* Project object */;
}
